
Microsoft Visual Studio Solution File, Format Version 12.00
# Visual Studio Version 16
VisualStudioVersion = 16.0.34031.81
MinimumVisualStudioVersion = 10.0.40219.1
Project("{FAE04EC0-301F-11D3-BF4B-00C04F79EFBC}") = "Primeiro_TIM", "Primeiro_TIM.csproj", "{FD5F4B45-70BB-4288-BDBD-C69A4EC98205}"
EndProject
Global
	GlobalSection(SolutionConfigurationPlatforms) = preSolution
		Debug|Any CPU = Debug|Any CPU
		Release|Any CPU = Release|Any CPU
	EndGlobalSection
	GlobalSection(ProjectConfigurationPlatforms) = postSolution
		{FD5F4B45-70BB-4288-BDBD-C69A4EC98205}.Debug|Any CPU.ActiveCfg = Debug|Any CPU
		{FD5F4B45-70BB-4288-BDBD-C69A4EC98205}.Debug|Any CPU.Build.0 = Debug|Any CPU
		{FD5F4B45-70BB-4288-BDBD-C69A4EC98205}.Release|Any CPU.ActiveCfg = Release|Any CPU
		{FD5F4B45-70BB-4288-BDBD-C69A4EC98205}.Release|Any CPU.Build.0 = Release|Any CPU
	EndGlobalSection
	GlobalSection(SolutionProperties) = preSolution
		HideSolutionNode = FALSE
	EndGlobalSection
	GlobalSection(ExtensibilityGlobals) = postSolution
		SolutionGuid = {FAA6654A-202D-4669-B3A0-CBADCA11FF26}
	EndGlobalSection
EndGlobal
